
Microsoft Visual Studio Solution File, Format Version 12.00
# Visual Studio Version 17
VisualStudioVersion = 17.2.32616.157
MinimumVisualStudioVersion = 10.0.40219.1
Project("{FAE04EC0-301F-11D3-BF4B-00C04F79EFBC}") = "AspNetcoreIdentity", "AspNetcoreIdentity\AspNetcoreIdentity.csproj", "{28639B4A-1783-460D-A6AF-CD0C07A50B79}"
EndProject
Global
	GlobalSection(SolutionConfigurationPlatforms) = preSolution
		Debug|Any CPU = Debug|Any CPU
		Release|Any CPU = Release|Any CPU
	EndGlobalSection
	GlobalSection(ProjectConfigurationPlatforms) = postSolution
		{28639B4A-1783-460D-A6AF-CD0C07A50B79}.Debug|Any CPU.ActiveCfg = Debug|Any CPU
		{28639B4A-1783-460D-A6AF-CD0C07A50B79}.Debug|Any CPU.Build.0 = Debug|Any CPU
		{28639B4A-1783-460D-A6AF-CD0C07A50B79}.Release|Any CPU.ActiveCfg = Release|Any CPU
		{28639B4A-1783-460D-A6AF-CD0C07A50B79}.Release|Any CPU.Build.0 = Release|Any CPU
	EndGlobalSection
	GlobalSection(SolutionProperties) = preSolution
		HideSolutionNode = FALSE
	EndGlobalSection
	GlobalSection(ExtensibilityGlobals) = postSolution
		SolutionGuid = {DEFE855A-4D39-4E46-B521-8325A0BE3261}
	EndGlobalSection
EndGlobal
