
Microsoft Visual Studio Solution File, Format Version 12.00
# Visual Studio Version 17
VisualStudioVersion = 17.2.32616.157
MinimumVisualStudioVersion = 10.0.40219.1
Project("{9A19103F-16F7-4668-BE54-9A1E7A4F7556}") = "DevIO.UI.Site", "AppModelo\DevIO.UI.Site.csproj", "{D50DEC75-A0ED-4909-92CA-E8D2ABCB8781}"
EndProject
Project("{2150E333-8FDC-42A3-9474-1A3956D46DE8}") = "Solution Items", "Solution Items", "{3BDFF5C1-7DD2-4336-890F-21D50797B577}"
	ProjectSection(SolutionItems) = preProject
		.editorconfig = .editorconfig
	EndProjectSection
EndProject
Global
	GlobalSection(SolutionConfigurationPlatforms) = preSolution
		Debug|Any CPU = Debug|Any CPU
		Release|Any CPU = Release|Any CPU
	EndGlobalSection
	GlobalSection(ProjectConfigurationPlatforms) = postSolution
		{D50DEC75-A0ED-4909-92CA-E8D2ABCB8781}.Debug|Any CPU.ActiveCfg = Debug|Any CPU
		{D50DEC75-A0ED-4909-92CA-E8D2ABCB8781}.Debug|Any CPU.Build.0 = Debug|Any CPU
		{D50DEC75-A0ED-4909-92CA-E8D2ABCB8781}.Release|Any CPU.ActiveCfg = Release|Any CPU
		{D50DEC75-A0ED-4909-92CA-E8D2ABCB8781}.Release|Any CPU.Build.0 = Release|Any CPU
	EndGlobalSection
	GlobalSection(SolutionProperties) = preSolution
		HideSolutionNode = FALSE
	EndGlobalSection
	GlobalSection(ExtensibilityGlobals) = postSolution
		SolutionGuid = {FD2440EE-D4E4-40EA-823D-7EE6A98F1287}
	EndGlobalSection
EndGlobal
